{
  "name": "@gaiadesk/mcp",
  "version": "0.1.0",
  "lockfileVersion": 3,
  "requires": true,
  "packages": {
    "": {
      "name": "@gaiadesk/mcp",
      "version": "0.1.0",
      "license": "MIT",
      "bin": {
        "gaiadesk-mcp": "dist/bin.js"
      },
      "devDependencies": {
        "@types/node": "^18.19.0",
        "typescript": "^5.6.0"
      },
      "engines": {
        "node": ">=18"
      },
      "optionalDependencies": {
        "@gaiadesk/cli": "^0.10.324"
      }
    },
    "node_modules/@gaiadesk/cli": {
      "version": "0.10.332",
      "resolved": "https://registry.npmjs.org/@gaiadesk/cli/-/cli-0.10.332.tgz",
      "integrity": "sha512-0m1i0xRzcyFZCCXQoF7gU+sHBbNF70XC3a8oMkOi+BnDMhW/BvsJrm0+mqSbdW4aXqZIYWHPlLpePNKs/Cwl4A==",
      "license": "SEE LICENSE IN LICENSE",
      "optional": true,
      "bin": {
        "gaiadesk": "dist/launcher.js",
        "gaiadesk-cli": "dist/launcher.js"
      },
      "engines": {
        "node": ">=18"
      },
      "optionalDependencies": {
        "@gaiadesk/cli-darwin-arm64": "0.10.332",
        "@gaiadesk/cli-darwin-x64": "0.10.332",
        "@gaiadesk/cli-linux-arm64-gnu": "0.10.332",
        "@gaiadesk/cli-linux-x64-gnu": "0.10.332",
        "@gaiadesk/cli-win32-arm64-msvc": "0.10.332",
        "@gaiadesk/cli-win32-x64-msvc": "0.10.332"
      }
    },
    "node_modules/@gaiadesk/cli-darwin-arm64": {
      "version": "0.10.332",
      "resolved": "https://registry.npmjs.org/@gaiadesk/cli-darwin-arm64/-/cli-darwin-arm64-0.10.332.tgz",
      "integrity": "sha512-IDIzlUqdyFwqZyntk1y8j+KPKnqPqKbE3GykO0VoFoS3Sfx9zjseXnZHKJ0RUgNQK8w32UsjPllclwTKEZ85Ig==",
      "cpu": [
        "arm64"
      ],
      "license": "SEE LICENSE IN LICENSE",
      "optional": true,
      "os": [
        "darwin"
      ]
    },
    "node_modules/@gaiadesk/cli-darwin-x64": {
      "version": "0.10.332",
      "resolved": "https://registry.npmjs.org/@gaiadesk/cli-darwin-x64/-/cli-darwin-x64-0.10.332.tgz",
      "integrity": "sha512-2q1ZuLF/ak4CQv6X3xuaU1PRxHa28IP2X6jDQLHqwyrFGuyyhta7UWz9cgTf7g+oGi8/dIOcO68yqhqfSAl4/w==",
      "cpu": [
        "x64"
      ],
      "license": "SEE LICENSE IN LICENSE",
      "optional": true,
      "os": [
        "darwin"
      ]
    },
    "node_modules/@gaiadesk/cli-linux-arm64-gnu": {
      "version": "0.10.332",
      "resolved": "https://registry.npmjs.org/@gaiadesk/cli-linux-arm64-gnu/-/cli-linux-arm64-gnu-0.10.332.tgz",
      "integrity": "sha512-VyquteebKsl70GwCuvgdbJi8wufz7zSyCYVHgAaksjEg5+L7K8LHJP4IEHTymj9BimD/6IJYnj31tbEI3kpkNA==",
      "cpu": [
        "arm64"
      ],
      "libc": [
        "glibc"
      ],
      "license": "SEE LICENSE IN LICENSE",
      "optional": true,
      "os": [
        "linux"
      ]
    },
    "node_modules/@gaiadesk/cli-linux-x64-gnu": {
      "version": "0.10.332",
      "resolved": "https://registry.npmjs.org/@gaiadesk/cli-linux-x64-gnu/-/cli-linux-x64-gnu-0.10.332.tgz",
      "integrity": "sha512-s9TCzFodDszGsjeVuOrOxIZGrtpuVMenr4BqiAzkLFiGArq5+D/5+KVFfBwrksVSKMv2WwPmVr7zGez4K96/Ow==",
      "cpu": [
        "x64"
      ],
      "libc": [
        "glibc"
      ],
      "license": "SEE LICENSE IN LICENSE",
      "optional": true,
      "os": [
        "linux"
      ]
    },
    "node_modules/@gaiadesk/cli-win32-arm64-msvc": {
      "version": "0.10.332",
      "resolved": "https://registry.npmjs.org/@gaiadesk/cli-win32-arm64-msvc/-/cli-win32-arm64-msvc-0.10.332.tgz",
      "integrity": "sha512-X3DGc1vvF+NrG/WRqb354RuAmMv/hXn47KV7Jz+0bPKfthk88Pf63JFCGduDFxt4JbnmQcm74ApGzc9sEVdpnA==",
      "cpu": [
        "arm64"
      ],
      "license": "SEE LICENSE IN LICENSE",
      "optional": true,
      "os": [
        "win32"
      ]
    },
    "node_modules/@gaiadesk/cli-win32-x64-msvc": {
      "version": "0.10.332",
      "resolved": "https://registry.npmjs.org/@gaiadesk/cli-win32-x64-msvc/-/cli-win32-x64-msvc-0.10.332.tgz",
      "integrity": "sha512-b1gK+vUTHrwY3NkFxiOsDxYS8SCdQQDhsg2/YhJBgV36NY+F4IGTsgqfrH91yX1DzWnDuSMIE5FttmXYg8g/ew==",
      "cpu": [
        "x64"
      ],
      "license": "SEE LICENSE IN LICENSE",
      "optional": true,
      "os": [
        "win32"
      ]
    },
    "node_modules/@types/node": {
      "version": "18.19.130",
      "resolved": "https://registry.npmjs.org/@types/node/-/node-18.19.130.tgz",
      "integrity": "sha512-GRaXQx6jGfL8sKfaIDD6OupbIHBr9jv7Jnaml9tB7l4v068PAOXqfcujMMo5PhbIs6ggR1XODELqahT2R8v0fg==",
      "dev": true,
      "license": "MIT",
      "dependencies": {
        "undici-types": "~5.26.4"
      }
    },
    "node_modules/typescript": {
      "version": "5.9.3",
      "resolved": "https://registry.npmjs.org/typescript/-/typescript-5.9.3.tgz",
      "integrity": "sha512-jl1vZzPDinLr9eUt3J/t7V6FgNEw9QjvBPdysz9KfQDD41fQrC2Y4vKQdiaUpFT4bXlb1RHhLpp8wtm6M5TgSw==",
      "dev": true,
      "license": "Apache-2.0",
      "bin": {
        "tsc": "bin/tsc",
        "tsserver": "bin/tsserver"
      },
      "engines": {
        "node": ">=14.17"
      }
    },
    "node_modules/undici-types": {
      "version": "5.26.5",
      "resolved": "https://registry.npmjs.org/undici-types/-/undici-types-5.26.5.tgz",
      "integrity": "sha512-JlCMO+ehdEIKqlFxk6IfVoAUVmgz7cU7zD/h9XZ0qzeosSHmUJVOzSQvvYSYWXkFXC+IfLKSIffhv0sVZup6pA==",
      "dev": true,
      "license": "MIT"
    }
  }
}
